# This file is automatically @generated by Cargo.
# It is not intended for manual editing.
version = 4

[[package]]
name = "todo-core"
version = "0.1.0"
dependencies = [
 "todo-crypto",
 "todo-discovery",
 "todo-domain",
 "todo-protocol",
 "todo-storage",
]

[[package]]
name = "todo-crypto"
version = "0.1.0"
dependencies = [
 "todo-domain",
]

[[package]]
name = "todo-discovery"
version = "0.1.0"
dependencies = [
 "todo-domain",
]

[[package]]
name = "todo-domain"
version = "0.1.0"

[[package]]
name = "todo-protocol"
version = "0.1.0"
dependencies = [
 "todo-domain",
]

[[package]]
name = "todo-storage"
version = "0.1.0"
dependencies = [
 "todo-domain",
]

[[package]]
name = "todo-testkit"
version = "0.1.0"
dependencies = [
 "todo-core",
 "todo-crypto",
 "todo-discovery",
 "todo-domain",
 "todo-protocol",
 "todo-storage",
 "todo-uniffi",
]

[[package]]
name = "todo-uniffi"
version = "0.1.0"
dependencies = [
 "todo-core",
]
